
Microsoft Visual Studio Solution File, Format Version 12.00
# Visual Studio Version 16
VisualStudioVersion = 16.0.28803.202
MinimumVisualStudioVersion = 10.0.40219.1
Project("{FAE04EC0-301F-11D3-BF4B-00C04F79EFBC}") = "TypeRealm.Server", "TypeRealm.Server\TypeRealm.Server.csproj", "{435F0B6C-36CD-444C-BCB9-26E2F235BD97}"
EndProject
Project("{FAE04EC0-301F-11D3-BF4B-00C04F79EFBC}") = "TypeRealm.ConsoleApp", "TypeRealm.ConsoleApp\TypeRealm.ConsoleApp.csproj", "{226EB064-E494-492C-90D3-B75A7ED7D97F}"
EndProject
Project("{FAE04EC0-301F-11D3-BF4B-00C04F79EFBC}") = "TypeRealm.Messages", "TypeRealm.Messages\TypeRealm.Messages.csproj", "{EFF1A6FE-B17E-4EFF-BFA7-0F7FEAC1A98A}"
EndProject
Project("{FAE04EC0-301F-11D3-BF4B-00C04F79EFBC}") = "TypeRealm.Messages.Tests", "TypeRealm.Messages.Tests\TypeRealm.Messages.Tests.csproj", "{E3A85A4C-0868-4CDB-8AAD-149FCF27FF9B}"
EndProject
Project("{FAE04EC0-301F-11D3-BF4B-00C04F79EFBC}") = "TypeRealm.Domain", "TypeRealm.Domain\TypeRealm.Domain.csproj", "{1EDF82DD-EDF0-428A-8B89-E074E65056AD}"
EndProject
Project("{FAE04EC0-301F-11D3-BF4B-00C04F79EFBC}") = "TypeRealm.Domain.Tests", "TypeRealm.Domain.Tests\TypeRealm.Domain.Tests.csproj", "{C79E6A32-04E9-4A79-9E4C-15B811719B9D}"
EndProject
Project("{FAE04EC0-301F-11D3-BF4B-00C04F79EFBC}") = "TypeRealm.Server.Tests", "TypeRealm.Server.Tests\TypeRealm.Server.Tests.csproj", "{D598FB7C-A3C4-4156-B15A-E4350180BD71}"
EndProject
Project("{FAE04EC0-301F-11D3-BF4B-00C04F79EFBC}") = "TypeRealm.ConsoleApp.Tests", "TypeRealm.ConsoleApp.Tests\TypeRealm.ConsoleApp.Tests.csproj", "{C2CBBF9A-B556-4BA1-826E-479E29C3A548}"
EndProject
Global
	GlobalSection(SolutionConfigurationPlatforms) = preSolution
		Debug|Any CPU = Debug|Any CPU
		Release|Any CPU = Release|Any CPU
	EndGlobalSection
	GlobalSection(ProjectConfigurationPlatforms) = postSolution
		{435F0B6C-36CD-444C-BCB9-26E2F235BD97}.Debug|Any CPU.ActiveCfg = Debug|Any CPU
		{435F0B6C-36CD-444C-BCB9-26E2F235BD97}.Debug|Any CPU.Build.0 = Debug|Any CPU
		{435F0B6C-36CD-444C-BCB9-26E2F235BD97}.Release|Any CPU.ActiveCfg = Release|Any CPU
		{435F0B6C-36CD-444C-BCB9-26E2F235BD97}.Release|Any CPU.Build.0 = Release|Any CPU
		{226EB064-E494-492C-90D3-B75A7ED7D97F}.Debug|Any CPU.ActiveCfg = Debug|Any CPU
		{226EB064-E494-492C-90D3-B75A7ED7D97F}.Debug|Any CPU.Build.0 = Debug|Any CPU
		{226EB064-E494-492C-90D3-B75A7ED7D97F}.Release|Any CPU.ActiveCfg = Release|Any CPU
		{226EB064-E494-492C-90D3-B75A7ED7D97F}.Release|Any CPU.Build.0 = Release|Any CPU
		{EFF1A6FE-B17E-4EFF-BFA7-0F7FEAC1A98A}.Debug|Any CPU.ActiveCfg = Debug|Any CPU
		{EFF1A6FE-B17E-4EFF-BFA7-0F7FEAC1A98A}.Debug|Any CPU.Build.0 = Debug|Any CPU
		{EFF1A6FE-B17E-4EFF-BFA7-0F7FEAC1A98A}.Release|Any CPU.ActiveCfg = Release|Any CPU
		{EFF1A6FE-B17E-4EFF-BFA7-0F7FEAC1A98A}.Release|Any CPU.Build.0 = Release|Any CPU
		{E3A85A4C-0868-4CDB-8AAD-149FCF27FF9B}.Debug|Any CPU.ActiveCfg = Debug|Any CPU
		{E3A85A4C-0868-4CDB-8AAD-149FCF27FF9B}.Debug|Any CPU.Build.0 = Debug|Any CPU
		{E3A85A4C-0868-4CDB-8AAD-149FCF27FF9B}.Release|Any CPU.ActiveCfg = Release|Any CPU
		{E3A85A4C-0868-4CDB-8AAD-149FCF27FF9B}.Release|Any CPU.Build.0 = Release|Any CPU
		{1EDF82DD-EDF0-428A-8B89-E074E65056AD}.Debug|Any CPU.ActiveCfg = Debug|Any CPU
		{1EDF82DD-EDF0-428A-8B89-E074E65056AD}.Debug|Any CPU.Build.0 = Debug|Any CPU
		{1EDF82DD-EDF0-428A-8B89-E074E65056AD}.Release|Any CPU.ActiveCfg = Release|Any CPU
		{1EDF82DD-EDF0-428A-8B89-E074E65056AD}.Release|Any CPU.Build.0 = Release|Any CPU
		{C79E6A32-04E9-4A79-9E4C-15B811719B9D}.Debug|Any CPU.ActiveCfg = Debug|Any CPU
		{C79E6A32-04E9-4A79-9E4C-15B811719B9D}.Debug|Any CPU.Build.0 = Debug|Any CPU
		{C79E6A32-04E9-4A79-9E4C-15B811719B9D}.Release|Any CPU.ActiveCfg = Release|Any CPU
		{C79E6A32-04E9-4A79-9E4C-15B811719B9D}.Release|Any CPU.Build.0 = Release|Any CPU
		{D598FB7C-A3C4-4156-B15A-E4350180BD71}.Debug|Any CPU.ActiveCfg = Debug|Any CPU
		{D598FB7C-A3C4-4156-B15A-E4350180BD71}.Debug|Any CPU.Build.0 = Debug|Any CPU
		{D598FB7C-A3C4-4156-B15A-E4350180BD71}.Release|Any CPU.ActiveCfg = Release|Any CPU
		{D598FB7C-A3C4-4156-B15A-E4350180BD71}.Release|Any CPU.Build.0 = Release|Any CPU
		{C2CBBF9A-B556-4BA1-826E-479E29C3A548}.Debug|Any CPU.ActiveCfg = Debug|Any CPU
		{C2CBBF9A-B556-4BA1-826E-479E29C3A548}.Debug|Any CPU.Build.0 = Debug|Any CPU
		{C2CBBF9A-B556-4BA1-826E-479E29C3A548}.Release|Any CPU.ActiveCfg = Release|Any CPU
		{C2CBBF9A-B556-4BA1-826E-479E29C3A548}.Release|Any CPU.Build.0 = Release|Any CPU
	EndGlobalSection
	GlobalSection(SolutionProperties) = preSolution
		HideSolutionNode = FALSE
	EndGlobalSection
	GlobalSection(ExtensibilityGlobals) = postSolution
		SolutionGuid = {6E956C59-3804-481D-BAE3-04B04DE4ED4C}
	EndGlobalSection
EndGlobal
